
Microsoft Visual Studio Solution File, Format Version 12.00
# Visual Studio Version 17
VisualStudioVersion = 17.4.33213.308
MinimumVisualStudioVersion = 10.0.40219.1
Project("{FAE04EC0-301F-11D3-BF4B-00C04F79EFBC}") = "Bankamatik", "Bankamatik\Bankamatik.csproj", "{433B3D0B-9BCE-483A-A9A9-3F2377327A51}"
EndProject
Global
	GlobalSection(SolutionConfigurationPlatforms) = preSolution
		Debug|Any CPU = Debug|Any CPU
		Release|Any CPU = Release|Any CPU
	EndGlobalSection
	GlobalSection(ProjectConfigurationPlatforms) = postSolution
		{433B3D0B-9BCE-483A-A9A9-3F2377327A51}.Debug|Any CPU.ActiveCfg = Debug|Any CPU
		{433B3D0B-9BCE-483A-A9A9-3F2377327A51}.Debug|Any CPU.Build.0 = Debug|Any CPU
		{433B3D0B-9BCE-483A-A9A9-3F2377327A51}.Release|Any CPU.ActiveCfg = Release|Any CPU
		{433B3D0B-9BCE-483A-A9A9-3F2377327A51}.Release|Any CPU.Build.0 = Release|Any CPU
	EndGlobalSection
	GlobalSection(SolutionProperties) = preSolution
		HideSolutionNode = FALSE
	EndGlobalSection
	GlobalSection(ExtensibilityGlobals) = postSolution
		SolutionGuid = {A69E390F-41BA-4198-A3AE-206080BEB976}
	EndGlobalSection
EndGlobal
